// !$*UTF8*$!
{
	archiveVersion = 1;
	classes = {
	};
	objectVersion = 56;
	objects = {

/* Begin PBXBuildFile section */
		C254518A2A0026B600585598 /* YourOwnStoryApp.swift in Sources */ = {isa = PBXBuildFile; fileRef = C25451892A0026B600585598 /* YourOwnStoryApp.swift */; };
		C254518C2A0026B600585598 /* ContentView.swift in Sources */ = {isa = PBXBuildFile; fileRef = C254518B2A0026B600585598 /* ContentView.swift */; };
		C254518E2A0026B800585598 /* Assets.xcassets in Resources */ = {isa = PBXBuildFile; fileRef = C254518D2A0026B800585598 /* Assets.xcassets */; };
		C25451912A0026B800585598 /* Preview Assets.xcassets in Resources */ = {isa = PBXBuildFile; fileRef = C25451902A0026B800585598 /* Preview Assets.xcassets */; };
		C25451992A004CF000585598 /* Story.swift in Sources */ = {isa = PBXBuildFile; fileRef = C25451982A004CF000585598 /* Story.swift */; };
		C254519B2A004CFE00585598 /* StoryPage.swift in Sources */ = {isa = PBXBuildFile; fileRef = C254519A2A004CFE00585598 /* StoryPage.swift */; };
		C254519D2A004D0700585598 /* Choice.swift in Sources */ = {isa = PBXBuildFile; fileRef = C254519C2A004D0700585598 /* Choice.swift */; };
		C254519F2A004FBF00585598 /* YourStory.swift in Sources */ = {isa = PBXBuildFile; fileRef = C254519E2A004FBF00585598 /* YourStory.swift */; };
		C25451A62A0051E900585598 /* StoryPageView.swift in Sources */ = {isa = PBXBuildFile; fileRef = C25451A52A0051E800585598 /* StoryPageView.swift */; };
		C25451A82A0051F400585598 /* StoryView.swift in Sources */ = {isa = PBXBuildFile; fileRef = C25451A72A0051F400585598 /* StoryView.swift */; };
/* End PBXBuildFile section */

/* Begin PBXFileReference section */
		C25451862A0026B600585598 /* YourOwnStory.app */ = {isa = PBXFileReference; explicitFileType = wrapper.application; includeInIndex = 0; path = YourOwnStory.app; sourceTree = BUILT_PRODUCTS_DIR; };
		C25451892A0026B600585598 /* YourOwnStoryApp.swift */ = {isa = PBXFileReference; lastKnownFileType = sourcecode.swift; path = YourOwnStoryApp.swift; sourceTree = "<group>"; };
		C254518B2A0026B600585598 /* ContentView.swift */ = {isa = PBXFileReference; lastKnownFileType = sourcecode.swift; path = ContentView.swift; sourceTree = "<group>"; };
		C254518D2A0026B800585598 /* Assets.xcassets */ = {isa = PBXFileReference; lastKnownFileType = folder.assetcatalog; path = Assets.xcassets; sourceTree = "<group>"; };
		C25451902A0026B800585598 /* Preview Assets.xcassets */ = {isa = PBXFileReference; lastKnownFileType = folder.assetcatalog; path = "Preview Assets.xcassets"; sourceTree = "<group>"; };
		C25451982A004CF000585598 /* Story.swift */ = {isa = PBXFileReference; lastKnownFileType = sourcecode.swift; path = Story.swift; sourceTree = "<group>"; };
		C254519A2A004CFE00585598 /* StoryPage.swift */ = {isa = PBXFileReference; lastKnownFileType = sourcecode.swift; path = StoryPage.swift; sourceTree = "<group>"; };
		C254519C2A004D0700585598 /* Choice.swift */ = {isa = PBXFileReference; lastKnownFileType = sourcecode.swift; path = Choice.swift; sourceTree = "<group>"; };
		C254519E2A004FBF00585598 /* YourStory.swift */ = {isa = PBXFileReference; lastKnownFileType = sourcecode.swift; path = YourStory.swift; sourceTree = "<group>"; };
		C25451A52A0051E800585598 /* StoryPageView.swift */ = {isa = PBXFileReference; lastKnownFileType = sourcecode.swift; path = StoryPageView.swift; sourceTree = "<group>"; };
		C25451A72A0051F400585598 /* StoryView.swift */ = {isa = PBXFileReference; lastKnownFileType = sourcecode.swift; path = StoryView.swift; sourceTree = "<group>"; };
/* End PBXFileReference section */

/* Begin PBXFrameworksBuildPhase section */
		C25451832A0026B600585598 /* Frameworks */ = {
			isa = PBXFrameworksBuildPhase;
			buildActionMask = 2147483647;
			files = (
			);
			runOnlyForDeploymentPostprocessing = 0;
		};
/* End PBXFrameworksBuildPhase section */

/* Begin PBXGroup section */
		C254517D2A0026B600585598 = {
			isa = PBXGroup;
			children = (
				C25451882A0026B600585598 /* YourOwnStory */,
				C25451872A0026B600585598 /* Products */,
			);
			sourceTree = "<group>";
		};
		C25451872A0026B600585598 /* Products */ = {
			isa = PBXGroup;
			children = (
				C25451862A0026B600585598 /* YourOwnStory.app */,
			);
			name = Products;
			sourceTree = "<group>";
		};
		C25451882A0026B600585598 /* YourOwnStory */ = {
			isa = PBXGroup;
			children = (
				C25451A02A00513100585598 /* Views */,
				C25451972A004CDF00585598 /* Models */,
				C25451892A0026B600585598 /* YourOwnStoryApp.swift */,
				C254518B2A0026B600585598 /* ContentView.swift */,
				C254519E2A004FBF00585598 /* YourStory.swift */,
				C254518D2A0026B800585598 /* Assets.xcassets */,
				C254518F2A0026B800585598 /* Preview Content */,
			);
			path = YourOwnStory;
			sourceTree = "<group>";
		};
		C254518F2A0026B800585598 /* Preview Content */ = {
			isa = PBXGroup;
			children = (
				C25451902A0026B800585598 /* Preview Assets.xcassets */,
			);
			path = "Preview Content";
			sourceTree = "<group>";
		};
		C25451972A004CDF00585598 /* Models */ = {
			isa = PBXGroup;
			children = (
				C25451982A004CF000585598 /* Story.swift */,
				C254519A2A004CFE00585598 /* StoryPage.swift */,
				C254519C2A004D0700585598 /* Choice.swift */,
			);
			path = Models;
			sourceTree = "<group>";
		};
		C25451A02A00513100585598 /* Views */ = {
			isa = PBXGroup;
			children = (
				C25451A52A0051E800585598 /* StoryPageView.swift */,
				C25451A72A0051F400585598 /* StoryView.swift */,
			);
			path = Views;
			sourceTree = "<group>";
		};
/* End PBXGroup section */

/* Begin PBXNativeTarget section */
		C25451852A0026B600585598 /* YourOwnStory */ = {
			isa = PBXNativeTarget;
			buildConfigurationList = C25451942A0026B800585598 /* Build configuration list for PBXNativeTarget "YourOwnStory" */;
			buildPhases = (
				C25451822A0026B600585598 /* Sources */,
				C25451832A0026B600585598 /* Frameworks */,
				C25451842A0026B600585598 /* Resources */,
			);
			buildRules = (
			);
			dependencies = (
			);
			name = YourOwnStory;
			productName = YourOwnStory;
			productReference = C25451862A0026B600585598 /* YourOwnStory.app */;
			productType = "com.apple.product-type.application";
		};
/* End PBXNativeTarget section */

/* Begin PBXProject section */
		C254517E2A0026B600585598 /* Project object */ = {
			isa = PBXProject;
			attributes = {
				BuildIndependentTargetsInParallel = 1;
				LastSwiftUpdateCheck = 1430;
				LastUpgradeCheck = 1430;
				TargetAttributes = {
					C25451852A0026B600585598 = {
						CreatedOnToolsVersion = 14.3;
					};
				};
			};
			buildConfigurationList = C25451812A0026B600585598 /* Build configuration list for PBXProject "YourOwnStory" */;
			compatibilityVersion = "Xcode 14.0";
			developmentRegion = en;
			hasScannedForEncodings = 0;
			knownRegions = (
				en,
				Base,
			);
			mainGroup = C254517D2A0026B600585598;
			productRefGroup = C25451872A0026B600585598 /* Products */;
			projectDirPath = "";
			projectRoot = "";
			targets = (
				C25451852A0026B600585598 /* YourOwnStory */,
			);
		};
/* End PBXProject section */

/* Begin PBXResourcesBuildPhase section */
		C25451842A0026B600585598 /* Resources */ = {
			isa = PBXResourcesBuildPhase;
			buildActionMask = 2147483647;
			files = (
				C25451912A0026B800585598 /* Preview Assets.xcassets in Resources */,
				C254518E2A0026B800585598 /* Assets.xcassets in Resources */,
			);
			runOnlyForDeploymentPostprocessing = 0;
		};
/* End PBXResourcesBuildPhase section */

/* Begin PBXSourcesBuildPhase section */
		C25451822A0026B600585598 /* Sources */ = {
			isa = PBXSourcesBuildPhase;
			buildActionMask = 2147483647;
			files = (
				C254519B2A004CFE00585598 /* StoryPage.swift in Sources */,
				C254519D2A004D0700585598 /* Choice.swift in Sources */,
				C254518C2A0026B600585598 /* ContentView.swift in Sources */,
				C254518A2A0026B600585598 /* YourOwnStoryApp.swift in Sources */,
				C25451992A004CF000585598 /* Story.swift in Sources */,
				C254519F2A004FBF00585598 /* YourStory.swift in Sources */,
				C25451A82A0051F400585598 /* StoryView.swift in Sources */,
				C25451A62A0051E900585598 /* StoryPageView.swift in Sources */,
			);
			runOnlyForDeploymentPostprocessing = 0;
		};
/* End PBXSourcesBuildPhase section */

/* Begin XCBuildConfiguration section */
		C25451922A0026B800585598 /* Debug */ = {
			isa = XCBuildConfiguration;
			buildSettings = {
				ALWAYS_SEARCH_USER_PATHS = NO;
				CLANG_ANALYZER_NONNULL = YES;
				CLANG_ANALYZER_NUMBER_OBJECT_CONVERSION = YES_AGGRESSIVE;
				CLANG_CXX_LANGUAGE_STANDARD = "gnu++20";
				CLANG_ENABLE_MODULES = YES;
				CLANG_ENABLE_OBJC_ARC = YES;
				CLANG_ENABLE_OBJC_WEAK = YES;
				CLANG_WARN_BLOCK_CAPTURE_AUTORELEASING = YES;
				CLANG_WARN_BOOL_CONVERSION = YES;
				CLANG_WARN_COMMA = YES;
				CLANG_WARN_CONSTANT_CONVERSION = YES;
				CLANG_WARN_DEPRECATED_OBJC_IMPLEMENTATIONS = YES;
				CLANG_WARN_DIRECT_OBJC_ISA_USAGE = YES_ERROR;
				CLANG_WARN_DOCUMENTATION_COMMENTS = YES;
				CLANG_WARN_EMPTY_BODY = YES;
				CLANG_WARN_ENUM_CONVERSION = YES;
				CLANG_WARN_INFINITE_RECURSION = YES;
				CLANG_WARN_INT_CONVERSION = YES;
				CLANG_WARN_NON_LITERAL_NULL_CONVERSION = YES;
				CLANG_WARN_OBJC_IMPLICIT_RETAIN_SELF = YES;
				CLANG_WARN_OBJC_LITERAL_CONVERSION = YES;
				CLANG_WARN_OBJC_ROOT_CLASS = YES_ERROR;
				CLANG_WARN_QUOTED_INCLUDE_IN_FRAMEWORK_HEADER = YES;
				CLANG_WARN_RANGE_LOOP_ANALYSIS = YES;
				CLANG_WARN_STRICT_PROTOTYPES = YES;
				CLANG_WARN_SUSPICIOUS_MOVE = YES;
				CLANG_WARN_UNGUARDED_AVAILABILITY = YES_AGGRESSIVE;
				CLANG_WARN_UNREACHABLE_CODE = YES;
				CLANG_WARN__DUPLICATE_METHOD_MATCH = YES;
				COPY_PHASE_STRIP = NO;
				DEBUG_INFORMATION_FORMAT = dwarf;
				ENABLE_STRICT_OBJC_MSGSEND = YES;
				ENABLE_TESTABILITY = YES;
				GCC_C_LANGUAGE_STANDARD = gnu11;
				GCC_DYNAMIC_NO_PIC = NO;
				GCC_NO_COMMON_BLOCKS = YES;
				GCC_OPTIMIZATION_LEVEL = 0;
				GCC_PREPROCESSOR_DEFINITIONS = (
					"DEBUG=1",
					"$(inherited)",
				);
				GCC_WARN_64_TO_32_BIT_CONVERSION = YES;
				GCC_WARN_ABOUT_RETURN_TYPE = YES_ERROR;
				GCC_WARN_UNDECLARED_SELECTOR = YES;
				GCC_WARN_UNINITIALIZED_AUTOS = YES_AGGRESSIVE;
				GCC_WARN_UNUSED_FUNCTION = YES;
				GCC_WARN_UNUSED_VARIABLE = YES;
				IPHONEOS_DEPLOYMENT_TARGET = 16.4;
				MTL_ENABLE_DEBUG_INFO = INCLUDE_SOURCE;
				MTL_FAST_MATH = YES;
				ONLY_ACTIVE_ARCH = YES;
				SDKROOT = iphoneos;
				SWIFT_ACTIVE_COMPILATION_CONDITIONS = DEBUG;
				SWIFT_OPTIMIZATION_LEVEL = "-Onone";
			};
			name = Debug;
		};
		C25451932A0026B800585598 /* Release */ = {
			isa = XCBuildConfiguration;
			buildSettings = {
				ALWAYS_SEARCH_USER_PATHS = NO;
				CLANG_ANALYZER_NONNULL = YES;
				CLANG_ANALYZER_NUMBER_OBJECT_CONVERSION = YES_AGGRESSIVE;
				CLANG_CXX_LANGUAGE_STANDARD = "gnu++20";
				CLANG_ENABLE_MODULES = YES;
				CLANG_ENABLE_OBJC_ARC = YES;
				CLANG_ENABLE_OBJC_WEAK = YES;
				CLANG_WARN_BLOCK_CAPTURE_AUTORELEASING = YES;
				CLANG_WARN_BOOL_CONVERSION = YES;
				CLANG_WARN_COMMA = YES;
				CLANG_WARN_CONSTANT_CONVERSION = YES;
				CLANG_WARN_DEPRECATED_OBJC_IMPLEMENTATIONS = YES;
				CLANG_WARN_DIRECT_OBJC_ISA_USAGE = YES_ERROR;
				CLANG_WARN_DOCUMENTATION_COMMENTS = YES;
				CLANG_WARN_EMPTY_BODY = YES;
				CLANG_WARN_ENUM_CONVERSION = YES;
				CLANG_WARN_INFINITE_RECURSION = YES;
				CLANG_WARN_INT_CONVERSION = YES;
				CLANG_WARN_NON_LITERAL_NULL_CONVERSION = YES;
				CLANG_WARN_OBJC_IMPLICIT_RETAIN_SELF = YES;
				CLANG_WARN_OBJC_LITERAL_CONVERSION = YES;
				CLANG_WARN_OBJC_ROOT_CLASS = YES_ERROR;
				CLANG_WARN_QUOTED_INCLUDE_IN_FRAMEWORK_HEADER = YES;
				CLANG_WARN_RANGE_LOOP_ANALYSIS = YES;
				CLANG_WARN_STRICT_PROTOTYPES = YES;
				CLANG_WARN_SUSPICIOUS_MOVE = YES;
				CLANG_WARN_UNGUARDED_AVAILABILITY = YES_AGGRESSIVE;
				CLANG_WARN_UNREACHABLE_CODE = YES;
				CLANG_WARN__DUPLICATE_METHOD_MATCH = YES;
				COPY_PHASE_STRIP = NO;
				DEBUG_INFORMATION_FORMAT = "dwarf-with-dsym";
				ENABLE_NS_ASSERTIONS = NO;
				ENABLE_STRICT_OBJC_MSGSEND = YES;
				GCC_C_LANGUAGE_STANDARD = gnu11;
				GCC_NO_COMMON_BLOCKS = YES;
				GCC_WARN_64_TO_32_BIT_CONVERSION = YES;
				GCC_WARN_ABOUT_RETURN_TYPE = YES_ERROR;
				GCC_WARN_UNDECLARED_SELECTOR = YES;
				GCC_WARN_UNINITIALIZED_AUTOS = YES_AGGRESSIVE;
				GCC_WARN_UNUSED_FUNCTION = YES;
				GCC_WARN_UNUSED_VARIABLE = YES;
				IPHONEOS_DEPLOYMENT_TARGET = 16.4;
				MTL_ENABLE_DEBUG_INFO = NO;
				MTL_FAST_MATH = YES;
				SDKROOT = iphoneos;
				SWIFT_COMPILATION_MODE = wholemodule;
				SWIFT_OPTIMIZATION_LEVEL = "-O";
				VALIDATE_PRODUCT = YES;
			};
			name = Release;
		};
		C25451952A0026B800585598 /* Debug */ = {
			isa = XCBuildConfiguration;
			buildSettings = {
				ASSETCATALOG_COMPILER_APPICON_NAME = AppIcon;
				ASSETCATALOG_COMPILER_GLOBAL_ACCENT_COLOR_NAME = AccentColor;
				CODE_SIGN_STYLE = Automatic;
				CURRENT_PROJECT_VERSION = 1;
				DEVELOPMENT_ASSET_PATHS = "\"YourOwnStory/Preview Content\"";
				DEVELOPMENT_TEAM = G738ZC6QZV;
				ENABLE_PREVIEWS = YES;
				GENERATE_INFOPLIST_FILE = YES;
				INFOPLIST_KEY_UIApplicationSceneManifest_Generation = YES;
				INFOPLIST_KEY_UIApplicationSupportsIndirectInputEvents = YES;
				INFOPLIST_KEY_UILaunchScreen_Generation = YES;
				INFOPLIST_KEY_UISupportedInterfaceOrientations_iPad = "UIInterfaceOrientationPortrait UIInterfaceOrientationPortraitUpsideDown UIInterfaceOrientationLandscapeLeft UIInterfaceOrientationLandscapeRight";
				INFOPLIST_KEY_UISupportedInterfaceOrientations_iPhone = "UIInterfaceOrientationPortrait UIInterfaceOrientationLandscapeLeft UIInterfaceOrientationLandscapeRight";
				LD_RUNPATH_SEARCH_PATHS = (
					"$(inherited)",
					"@executable_path/Frameworks",
				);
				MARKETING_VERSION = 1.0;
				PRODUCT_BUNDLE_IDENTIFIER = ademclk.YourOwnStory;
				PRODUCT_NAME = "$(TARGET_NAME)";
				SWIFT_EMIT_LOC_STRINGS = YES;
				SWIFT_VERSION = 5.0;
				TARGETED_DEVICE_FAMILY = "1,2";
			};
			name = Debug;
		};
		C25451962A0026B800585598 /* Release */ = {
			isa = XCBuildConfiguration;
			buildSettings = {
				ASSETCATALOG_COMPILER_APPICON_NAME = AppIcon;
				ASSETCATALOG_COMPILER_GLOBAL_ACCENT_COLOR_NAME = AccentColor;
				CODE_SIGN_STYLE = Automatic;
				CURRENT_PROJECT_VERSION = 1;
				DEVELOPMENT_ASSET_PATHS = "\"YourOwnStory/Preview Content\"";
				DEVELOPMENT_TEAM = G738ZC6QZV;
				ENABLE_PREVIEWS = YES;
				GENERATE_INFOPLIST_FILE = YES;
				INFOPLIST_KEY_UIApplicationSceneManifest_Generation = YES;
				INFOPLIST_KEY_UIApplicationSupportsIndirectInputEvents = YES;
				INFOPLIST_KEY_UILaunchScreen_Generation = YES;
				INFOPLIST_KEY_UISupportedInterfaceOrientations_iPad = "UIInterfaceOrientationPortrait UIInterfaceOrientationPortraitUpsideDown UIInterfaceOrientationLandscapeLeft UIInterfaceOrientationLandscapeRight";
				INFOPLIST_KEY_UISupportedInterfaceOrientations_iPhone = "UIInterfaceOrientationPortrait UIInterfaceOrientationLandscapeLeft UIInterfaceOrientationLandscapeRight";
				LD_RUNPATH_SEARCH_PATHS = (
					"$(inherited)",
					"@executable_path/Frameworks",
				);
				MARKETING_VERSION = 1.0;
				PRODUCT_BUNDLE_IDENTIFIER = ademclk.YourOwnStory;
				PRODUCT_NAME = "$(TARGET_NAME)";
				SWIFT_EMIT_LOC_STRINGS = YES;
				SWIFT_VERSION = 5.0;
				TARGETED_DEVICE_FAMILY = "1,2";
			};
			name = Release;
		};
/* End XCBuildConfiguration section */

/* Begin XCConfigurationList section */
		C25451812A0026B600585598 /* Build configuration list for PBXProject "YourOwnStory" */ = {
			isa = XCConfigurationList;
			buildConfigurations = (
				C25451922A0026B800585598 /* Debug */,
				C25451932A0026B800585598 /* Release */,
			);
			defaultConfigurationIsVisible = 0;
			defaultConfigurationName = Release;
		};
		C25451942A0026B800585598 /* Build configuration list for PBXNativeTarget "YourOwnStory" */ = {
			isa = XCConfigurationList;
			buildConfigurations = (
				C25451952A0026B800585598 /* Debug */,
				C25451962A0026B800585598 /* Release */,
			);
			defaultConfigurationIsVisible = 0;
			defaultConfigurationName = Release;
		};
/* End XCConfigurationList section */
	};
	rootObject = C254517E2A0026B600585598 /* Project object */;
}
